<?xml version="1.0" encoding="utf-8"?>
<Project ToolsVersion="4.0" xmlns="http://schemas.microsoft.com/developer/msbuild/2003">
  <ItemGroup>
    <Filter Include="Source Files">
      <UniqueIdentifier>{4FC737F1-C7A5-4376-A066-2A32D752A2FF}</UniqueIdentifier>
      <Extensions>cpp;c;cc;cxx;def;odl;idl;hpj;bat;asm;asmx</Extensions>
    </Filter>
    <Filter Include="Header Files">
      <UniqueIdentifier>{93995380-89BD-4b04-88EB-625FBE52EBFB}</UniqueIdentifier>
      <Extensions>h;hh;hpp;hxx;hm;inl;inc;xsd</Extensions>
    </Filter>
    <Filter Include="Resource Files">
      <UniqueIdentifier>{67DA6AB6-F800-4c08-8B7A-83BB121AAD01}</UniqueIdentifier>
      <Extensions>rc;ico;cur;bmp;dlg;rc2;rct;bin;rgs;gif;jpg;jpeg;jpe;resx;tiff;tif;png;wav</Extensions>
    </Filter>
  </ItemGroup>
  <ItemGroup>
    <ClCompile Include="src\algorithm.cpp">
      <Filter>Source Files</Filter>
    </ClCompile>
    <ClCompile Include="src\container.cpp">
      <Filter>Source Files</Filter>
    </ClCompile>
    <ClCompile Include="src\functional_algorithm_parameter.cpp">
      <Filter>Source Files</Filter>
    </ClCompile>
    <ClCompile Include="src\main.cpp">
      <Filter>Source Files</Filter>
    </ClCompile>
    <ClCompile Include="src\function_object.cpp">
      <Filter>Source Files</Filter>
    </ClCompile>
    <ClCompile Include="src\iterator.cpp">
      <Filter>Source Files</Filter>
    </ClCompile>
    <ClCompile Include="src\string.cpp">
      <Filter>Source Files</Filter>
    </ClCompile>
    <ClCompile Include="src\numeric.cpp">
      <Filter>Source Files</Filter>
    </ClCompile>
    <ClCompile Include="src\stream.cpp">
      <Filter>Source Files</Filter>
    </ClCompile>
    <ClCompile Include="src\internationalization.cpp">
      <Filter>Source Files</Filter>
    </ClCompile>
    <ClCompile Include="src\concurrency.cpp">
      <Filter>Source Files</Filter>
    </ClCompile>
    <ClCompile Include="src\chrono.cpp">
      <Filter>Source Files</Filter>
    </ClCompile>
    <ClCompile Include="src\ratio.cpp">
      <Filter>Source Files</Filter>
    </ClCompile>
  </ItemGroup>
  <ItemGroup>
    <ClInclude Include="src\algorithm.h">
      <Filter>Header Files</Filter>
    </ClInclude>
    <ClInclude Include="src\container.h">
      <Filter>Header Files</Filter>
    </ClInclude>
    <ClInclude Include="src\functional_algorithm_parameter.h">
      <Filter>Header Files</Filter>
    </ClInclude>
    <ClInclude Include="src\function_object.h">
      <Filter>Header Files</Filter>
    </ClInclude>
    <ClInclude Include="src\iterator.h">
      <Filter>Header Files</Filter>
    </ClInclude>
    <ClInclude Include="utility.h">
      <Filter>Header Files</Filter>
    </ClInclude>
    <ClInclude Include="src\string.h">
      <Filter>Header Files</Filter>
    </ClInclude>
    <ClInclude Include="src\numeric.h">
      <Filter>Header Files</Filter>
    </ClInclude>
    <ClInclude Include="src\stream.h">
      <Filter>Header Files</Filter>
    </ClInclude>
    <ClInclude Include="src\internationalization.h">
      <Filter>Header Files</Filter>
    </ClInclude>
    <ClInclude Include="src\concurrency.h">
      <Filter>Header Files</Filter>
    </ClInclude>
    <ClInclude Include="src\chrono.h">
      <Filter>Header Files</Filter>
    </ClInclude>
    <ClInclude Include="src\ratio.h">
      <Filter>Header Files</Filter>
    </ClInclude>
  </ItemGroup>
</Project>